{
  "nodes": {
    "claude-code-overlay": {
      "inputs": {
        "flake-utils": "flake-utils",
        "nixpkgs": "nixpkgs"
      },
      "locked": {
        "lastModified": 1765747394,
        "narHash": "sha256-ls4Fltat2EhBdyqXjZxRPOBwmU3nS4cGpJRklJc/G8s=",
        "owner": "ryoppippi",
        "repo": "claude-code-overlay",
        "rev": "efa3b62ac6059c61435eed5e39e1205dfbb01c76",
        "type": "github"
      },
      "original": {
        "owner": "ryoppippi",
        "repo": "claude-code-overlay",
        "type": "github"
      }
    },
    "flake-parts": {
      "inputs": {
        "nixpkgs-lib": "nixpkgs-lib"
      },
      "locked": {
        "lastModified": 1765835352,
        "narHash": "sha256-XswHlK/Qtjasvhd1nOa1e8MgZ8GS//jBoTqWtrS1Giw=",
        "owner": "hercules-ci",
        "repo": "flake-parts",
        "rev": "a34fae9c08a15ad73f295041fec82323541400a9",
        "type": "github"
      },
      "original": {
        "owner": "hercules-ci",
        "repo": "flake-parts",
        "type": "github"
      }
    },
    "flake-utils": {
      "inputs": {
        "systems": "systems"
      },
      "locked": {
        "lastModified": 1731533236,
        "narHash": "sha256-l0KFg5HjrsfsO/JpG+r7fRrqm12kzFHyUHqHCVpMMbI=",
        "owner": "numtide",
        "repo": "flake-utils",
        "rev": "11707dc2f618dd54ca8739b309ec4fc024de578b",
        "type": "github"
      },
      "original": {
        "owner": "numtide",
        "repo": "flake-utils",
        "type": "github"
      }
    },
    "nixpkgs": {
      "locked": {
        "lastModified": 1763835633,
        "narHash": "sha256-HzxeGVID5MChuCPESuC0dlQL1/scDKu+MmzoVBJxulM=",
        "owner": "NixOS",
        "repo": "nixpkgs",
        "rev": "050e09e091117c3d7328c7b2b7b577492c43c134",
        "type": "github"
      },
      "original": {
        "owner": "NixOS",
        "ref": "nixos-unstable",
        "repo": "nixpkgs",
        "type": "github"
      }
    },
    "nixpkgs-lib": {
      "locked": {
        "lastModified": 1765674936,
        "narHash": "sha256-k00uTP4JNfmejrCLJOwdObYC9jHRrr/5M/a/8L2EIdo=",
        "owner": "nix-community",
        "repo": "nixpkgs.lib",
        "rev": "2075416fcb47225d9b68ac469a5c4801a9c4dd85",
        "type": "github"
      },
      "original": {
        "owner": "nix-community",
        "repo": "nixpkgs.lib",
        "type": "github"
      }
    },
    "nixpkgs_2": {
      "locked": {
        "lastModified": 1765772535,
        "narHash": "sha256-aq+dQoaPONOSjtFIBnAXseDm9TUhIbe215TPmkfMYww=",
        "owner": "NixOS",
        "repo": "nixpkgs",
        "rev": "09b8fda8959d761445f12b55f380d90375a1d6bb",
        "type": "github"
      },
      "original": {
        "owner": "NixOS",
        "ref": "nixpkgs-unstable",
        "repo": "nixpkgs",
        "type": "github"
      }
    },
    "root": {
      "inputs": {
        "claude-code-overlay": "claude-code-overlay",
        "flake-parts": "flake-parts",
        "nixpkgs": "nixpkgs_2"
      }
    },
    "systems": {
      "locked": {
        "lastModified": 1681028828,
        "narHash": "sha256-Vy1rq5AaRuLzOxct8nz4T6wlgyUR7zLU309k9mBC768=",
        "owner": "nix-systems",
        "repo": "default",
        "rev": "da67096a3b9bf56a91d16901293e51ba5b49a27e",
        "type": "github"
      },
      "original": {
        "owner": "nix-systems",
        "repo": "default",
        "type": "github"
      }
    }
  },
  "root": "root",
  "version": 7
}
